
Microsoft Visual Studio Solution File, Format Version 12.00
# Visual Studio 15
VisualStudioVersion = 15.0.28010.2016
MinimumVisualStudioVersion = 10.0.40219.1
Project("{FAE04EC0-301F-11D3-BF4B-00C04F79EFBC}") = "TonyLittleTool", "TonyLittleTool\TonyLittleTool.csproj", "{C8014A80-F6E3-4FD8-A700-2A70D5122A00}"
EndProject
Global
	GlobalSection(SolutionConfigurationPlatforms) = preSolution
		Debug|Any CPU = Debug|Any CPU
		Release|Any CPU = Release|Any CPU
	EndGlobalSection
	GlobalSection(ProjectConfigurationPlatforms) = postSolution
		{C8014A80-F6E3-4FD8-A700-2A70D5122A00}.Debug|Any CPU.ActiveCfg = Debug|Any CPU
		{C8014A80-F6E3-4FD8-A700-2A70D5122A00}.Debug|Any CPU.Build.0 = Debug|Any CPU
		{C8014A80-F6E3-4FD8-A700-2A70D5122A00}.Release|Any CPU.ActiveCfg = Release|Any CPU
		{C8014A80-F6E3-4FD8-A700-2A70D5122A00}.Release|Any CPU.Build.0 = Release|Any CPU
	EndGlobalSection
	GlobalSection(SolutionProperties) = preSolution
		HideSolutionNode = FALSE
	EndGlobalSection
	GlobalSection(ExtensibilityGlobals) = postSolution
		SolutionGuid = {53B832A2-3FE9-46EE-9068-39198CBE2DE8}
	EndGlobalSection
EndGlobal
